
Microsoft Visual Studio Solution File, Format Version 12.00
# Visual Studio Version 17
VisualStudioVersion = 17.3.32922.545
MinimumVisualStudioVersion = 10.0.40219.1
Project("{FAE04EC0-301F-11D3-BF4B-00C04F79EFBC}") = "StringCheckLibrary", "FIOLib\StringCheckLibrary.csproj", "{853DFA0A-A5CC-45E0-8A41-3FE5F51055F9}"
EndProject
Project("{FAE04EC0-301F-11D3-BF4B-00C04F79EFBC}") = "StringCheckLibraryTests", "StringCheckLibraryTests\StringCheckLibraryTests.csproj", "{DEDB0AAD-55EF-408E-A374-AC3C9C897B8F}"
EndProject
Global
	GlobalSection(SolutionConfigurationPlatforms) = preSolution
		Debug|Any CPU = Debug|Any CPU
		Release|Any CPU = Release|Any CPU
	EndGlobalSection
	GlobalSection(ProjectConfigurationPlatforms) = postSolution
		{853DFA0A-A5CC-45E0-8A41-3FE5F51055F9}.Debug|Any CPU.ActiveCfg = Debug|Any CPU
		{853DFA0A-A5CC-45E0-8A41-3FE5F51055F9}.Debug|Any CPU.Build.0 = Debug|Any CPU
		{853DFA0A-A5CC-45E0-8A41-3FE5F51055F9}.Release|Any CPU.ActiveCfg = Release|Any CPU
		{853DFA0A-A5CC-45E0-8A41-3FE5F51055F9}.Release|Any CPU.Build.0 = Release|Any CPU
		{DEDB0AAD-55EF-408E-A374-AC3C9C897B8F}.Debug|Any CPU.ActiveCfg = Debug|Any CPU
		{DEDB0AAD-55EF-408E-A374-AC3C9C897B8F}.Debug|Any CPU.Build.0 = Debug|Any CPU
		{DEDB0AAD-55EF-408E-A374-AC3C9C897B8F}.Release|Any CPU.ActiveCfg = Release|Any CPU
		{DEDB0AAD-55EF-408E-A374-AC3C9C897B8F}.Release|Any CPU.Build.0 = Release|Any CPU
	EndGlobalSection
	GlobalSection(SolutionProperties) = preSolution
		HideSolutionNode = FALSE
	EndGlobalSection
	GlobalSection(ExtensibilityGlobals) = postSolution
		SolutionGuid = {5FFA484E-FB07-45A6-A704-8A57AF70D5BE}
	EndGlobalSection
EndGlobal
